{
  "name": "discord-framework",
  "version": "1.0.0",
  "lockfileVersion": 3,
  "requires": true,
  "packages": {
    "": {
      "name": "discord-framework",
      "version": "1.0.0",
      "license": "ISC",
      "dependencies": {
        "discord-api-types": "^0.37.119",
        "utils": "file:../utils"
      }
    },
    "../utils": {
      "version": "1.0.0",
      "license": "ISC"
    },
    "node_modules/discord-api-types": {
      "version": "0.37.119",
      "resolved": "https://registry.npmjs.org/discord-api-types/-/discord-api-types-0.37.119.tgz",
      "integrity": "sha512-WasbGFXEB+VQWXlo6IpW3oUv73Yuau1Ig4AZF/m13tXcTKnMpc/mHjpztIlz4+BM9FG9BHQkEXiPto3bKduQUg==",
      "license": "MIT"
    },
    "node_modules/utils": {
      "resolved": "../utils",
      "link": true
    }
  }
}
